
Microsoft Visual Studio Solution File, Format Version 12.00
# Visual Studio 2013
VisualStudioVersion = 12.0.40629.0
MinimumVisualStudioVersion = 10.0.40219.1
Project("{FAE04EC0-301F-11D3-BF4B-00C04F79EFBC}") = "Coding Kata_RepeatChop_And_FizzBuzz", "Coding Kata_RepeatChop_And_FizzBuzz\Coding Kata_RepeatChop_And_FizzBuzz.csproj", "{CC300F40-7BE2-48E6-B5B3-9D0C7029A836}"
EndProject
Project("{2150E333-8FDC-42A3-9474-1A3956D46DE8}") = "Solution Items", "Solution Items", "{E665D368-5B72-48CA-AC5C-17CFF91B7918}"
	ProjectSection(SolutionItems) = preProject
		README.md = README.md
	EndProjectSection
EndProject
Global
	GlobalSection(SolutionConfigurationPlatforms) = preSolution
		Debug|Any CPU = Debug|Any CPU
		Release|Any CPU = Release|Any CPU
	EndGlobalSection
	GlobalSection(ProjectConfigurationPlatforms) = postSolution
		{CC300F40-7BE2-48E6-B5B3-9D0C7029A836}.Debug|Any CPU.ActiveCfg = Debug|Any CPU
		{CC300F40-7BE2-48E6-B5B3-9D0C7029A836}.Debug|Any CPU.Build.0 = Debug|Any CPU
		{CC300F40-7BE2-48E6-B5B3-9D0C7029A836}.Release|Any CPU.ActiveCfg = Release|Any CPU
		{CC300F40-7BE2-48E6-B5B3-9D0C7029A836}.Release|Any CPU.Build.0 = Release|Any CPU
	EndGlobalSection
	GlobalSection(SolutionProperties) = preSolution
		HideSolutionNode = FALSE
	EndGlobalSection
EndGlobal
